Microsoft Visual Studio Solution File, Format Version 12.00
# Visual Studio Version 17
VisualStudioVersion = 17.5.2.0
MinimumVisualStudioVersion = 10.0.40219.1
Project("{FAE04EC0-301F-11D3-BF4B-00C04F79EFBC}") = "BookGraphQL", "BookGraphQL.csproj", "{0410A874-4910-1BF3-8B0A-8F896204F67A}"
EndProject
Global
	GlobalSection(SolutionConfigurationPlatforms) = preSolution
		Debug|Any CPU = Debug|Any CPU
		Release|Any CPU = Release|Any CPU
	EndGlobalSection
	GlobalSection(ProjectConfigurationPlatforms) = postSolution
		{0410A874-4910-1BF3-8B0A-8F896204F67A}.Debug|Any CPU.ActiveCfg = Debug|Any CPU
		{0410A874-4910-1BF3-8B0A-8F896204F67A}.Debug|Any CPU.Build.0 = Debug|Any CPU
		{0410A874-4910-1BF3-8B0A-8F896204F67A}.Release|Any CPU.ActiveCfg = Release|Any CPU
		{0410A874-4910-1BF3-8B0A-8F896204F67A}.Release|Any CPU.Build.0 = Release|Any CPU
	EndGlobalSection
	GlobalSection(SolutionProperties) = preSolution
		HideSolutionNode = FALSE
	EndGlobalSection
	GlobalSection(ExtensibilityGlobals) = postSolution
		SolutionGuid = {4B6E3586-E827-4AC3-A3C5-19DC385C1250}
	EndGlobalSection
EndGlobal
